
Microsoft Visual Studio Solution File, Format Version 12.00
# Visual Studio 15
VisualStudioVersion = 15.0.27004.2006
MinimumVisualStudioVersion = 10.0.40219.1
Project("{00D1A9C2-B5F0-4AF3-8072-F6C62B433612}") = "UsersDB", "Users\UsersDB.sqlproj", "{ED70B084-7E76-4C18-BFA6-253B686A6717}"
EndProject
Project("{9A19103F-16F7-4668-BE54-9A1E7A4F7556}") = "Authentication", "Authentication\Authentication.csproj", "{976CBA75-DFC2-4762-A877-EE17105B25C9}"
EndProject
Project("{9A19103F-16F7-4668-BE54-9A1E7A4F7556}") = "CampingTripService", "CompingTripService\CampingTripService.csproj", "{9B0CAF2E-371B-4A6D-9FEF-F12053A3CBD3}"
EndProject
Project("{9A19103F-16F7-4668-BE54-9A1E7A4F7556}") = "UserManagement", "UserManagement\UserManagement.csproj", "{B7BA522C-418E-4F4B-8A44-8452CCFC6DEA}"
EndProject
Project("{FAE04EC0-301F-11D3-BF4B-00C04F79EFBC}") = "Kanch", "Kanch\Kanch.csproj", "{B691D63B-5613-44C2-A44F-5D8AFC5C5D5E}"
EndProject
Global
	GlobalSection(SolutionConfigurationPlatforms) = preSolution
		Debug|Any CPU = Debug|Any CPU
		Release|Any CPU = Release|Any CPU
	EndGlobalSection
	GlobalSection(ProjectConfigurationPlatforms) = postSolution
		{ED70B084-7E76-4C18-BFA6-253B686A6717}.Debug|Any CPU.ActiveCfg = Debug|Any CPU
		{ED70B084-7E76-4C18-BFA6-253B686A6717}.Debug|Any CPU.Build.0 = Debug|Any CPU
		{ED70B084-7E76-4C18-BFA6-253B686A6717}.Debug|Any CPU.Deploy.0 = Debug|Any CPU
		{ED70B084-7E76-4C18-BFA6-253B686A6717}.Release|Any CPU.ActiveCfg = Release|Any CPU
		{ED70B084-7E76-4C18-BFA6-253B686A6717}.Release|Any CPU.Build.0 = Release|Any CPU
		{ED70B084-7E76-4C18-BFA6-253B686A6717}.Release|Any CPU.Deploy.0 = Release|Any CPU
		{976CBA75-DFC2-4762-A877-EE17105B25C9}.Debug|Any CPU.ActiveCfg = Debug|Any CPU
		{976CBA75-DFC2-4762-A877-EE17105B25C9}.Debug|Any CPU.Build.0 = Debug|Any CPU
		{976CBA75-DFC2-4762-A877-EE17105B25C9}.Release|Any CPU.ActiveCfg = Release|Any CPU
		{976CBA75-DFC2-4762-A877-EE17105B25C9}.Release|Any CPU.Build.0 = Release|Any CPU
		{9B0CAF2E-371B-4A6D-9FEF-F12053A3CBD3}.Debug|Any CPU.ActiveCfg = Debug|Any CPU
		{9B0CAF2E-371B-4A6D-9FEF-F12053A3CBD3}.Debug|Any CPU.Build.0 = Debug|Any CPU
		{9B0CAF2E-371B-4A6D-9FEF-F12053A3CBD3}.Release|Any CPU.ActiveCfg = Release|Any CPU
		{9B0CAF2E-371B-4A6D-9FEF-F12053A3CBD3}.Release|Any CPU.Build.0 = Release|Any CPU
		{B7BA522C-418E-4F4B-8A44-8452CCFC6DEA}.Debug|Any CPU.ActiveCfg = Debug|Any CPU
		{B7BA522C-418E-4F4B-8A44-8452CCFC6DEA}.Debug|Any CPU.Build.0 = Debug|Any CPU
		{B7BA522C-418E-4F4B-8A44-8452CCFC6DEA}.Release|Any CPU.ActiveCfg = Release|Any CPU
		{B7BA522C-418E-4F4B-8A44-8452CCFC6DEA}.Release|Any CPU.Build.0 = Release|Any CPU
		{B691D63B-5613-44C2-A44F-5D8AFC5C5D5E}.Debug|Any CPU.ActiveCfg = Debug|Any CPU
		{B691D63B-5613-44C2-A44F-5D8AFC5C5D5E}.Debug|Any CPU.Build.0 = Debug|Any CPU
		{B691D63B-5613-44C2-A44F-5D8AFC5C5D5E}.Release|Any CPU.ActiveCfg = Release|Any CPU
		{B691D63B-5613-44C2-A44F-5D8AFC5C5D5E}.Release|Any CPU.Build.0 = Release|Any CPU
	EndGlobalSection
	GlobalSection(SolutionProperties) = preSolution
		HideSolutionNode = FALSE
	EndGlobalSection
	GlobalSection(ExtensibilityGlobals) = postSolution
		SolutionGuid = {E6D9ADD3-8365-4FA5-B14A-4C080BC4E776}
	EndGlobalSection
EndGlobal
